
Microsoft Visual Studio Solution File, Format Version 12.00
# Visual Studio 14
VisualStudioVersion = 14.0.25420.1
MinimumVisualStudioVersion = 10.0.40219.1
Project("{FAE04EC0-301F-11D3-BF4B-00C04F79EFBC}") = "VoxiLink", "VoxiLink\VoxiLink.csproj", "{A8D408CC-AE77-4323-8B41-EE8FC4DF3E86}"
EndProject
Project("{54435603-DBB4-11D2-8724-00A0C9A8B90C}") = "VoxiLink.Setup", "VoxiLink.Setup\VoxiLink.Setup.vdproj", "{371C5C75-4B79-4C41-A47D-BF5C79069B19}"
EndProject
Global
	GlobalSection(SolutionConfigurationPlatforms) = preSolution
		Debug|Any CPU = Debug|Any CPU
		Release|Any CPU = Release|Any CPU
	EndGlobalSection
	GlobalSection(ProjectConfigurationPlatforms) = postSolution
		{A8D408CC-AE77-4323-8B41-EE8FC4DF3E86}.Debug|Any CPU.ActiveCfg = Debug|Any CPU
		{A8D408CC-AE77-4323-8B41-EE8FC4DF3E86}.Debug|Any CPU.Build.0 = Debug|Any CPU
		{A8D408CC-AE77-4323-8B41-EE8FC4DF3E86}.Release|Any CPU.ActiveCfg = Release|Any CPU
		{A8D408CC-AE77-4323-8B41-EE8FC4DF3E86}.Release|Any CPU.Build.0 = Release|Any CPU
		{371C5C75-4B79-4C41-A47D-BF5C79069B19}.Debug|Any CPU.ActiveCfg = Debug
		{371C5C75-4B79-4C41-A47D-BF5C79069B19}.Release|Any CPU.ActiveCfg = Release
	EndGlobalSection
	GlobalSection(SolutionProperties) = preSolution
		HideSolutionNode = FALSE
	EndGlobalSection
EndGlobal
